
Microsoft Visual Studio Solution File, Format Version 12.00
# Visual Studio Version 17
VisualStudioVersion = 17.8.34511.84
MinimumVisualStudioVersion = 10.0.40219.1
Project("{2150E333-8FDC-42A3-9474-1A3956D46DE8}") = "Source", "Source", "{BFD3A38E-0E9C-46B4-9BEE-505E73961750}"
EndProject
Project("{2150E333-8FDC-42A3-9474-1A3956D46DE8}") = "Solution Items", "Solution Items", "{2E10BAFC-3D41-4A75-95E8-AD051C495D4E}"
	ProjectSection(SolutionItems) = preProject
		.dockerignore = .dockerignore
		.editorconfig = .editorconfig
		.gitattributes = .gitattributes
		.gitignore = .gitignore
		coverlet.runsettings = coverlet.runsettings
		Directory.Build.props = Directory.Build.props
		Directory.Packages.props = Directory.Packages.props
		Dockerfile = Dockerfile
		LICENSE = LICENSE
		README.md = README.md
	EndProjectSection
EndProject
Project("{9A19103F-16F7-4668-BE54-9A1E7A4F7556}") = "ContosoUniversity.Web", "Source\ContosoUniversity.Web\ContosoUniversity.Web.csproj", "{8A51AA66-9E98-48DE-9BC2-21F63AD162BA}"
EndProject
Project("{2150E333-8FDC-42A3-9474-1A3956D46DE8}") = "Tests", "Tests", "{04A8CD68-3A53-44B5-9064-0185299FDA4D}"
EndProject
Project("{9A19103F-16F7-4668-BE54-9A1E7A4F7556}") = "ContosoUniversity.Web.UnitTests", "Tests\ContosoUniversity.Web.UnitTests\ContosoUniversity.Web.UnitTests.csproj", "{77F058E3-7B51-435C-B3B8-3D232138880C}"
EndProject
Project("{FAE04EC0-301F-11D3-BF4B-00C04F79EFBC}") = "ContosoUniversity.Application", "Source\ContosoUniversity.Application\ContosoUniversity.Application.csproj", "{2785B92B-912B-4097-AA27-9755BA25523E}"
EndProject
Project("{FAE04EC0-301F-11D3-BF4B-00C04F79EFBC}") = "ContosoUniversity.Domain", "Source\ContosoUniversity.Domain\ContosoUniversity.Domain.csproj", "{1AC0BD96-C083-4EEC-8CE1-5BA36163C075}"
EndProject
Project("{FAE04EC0-301F-11D3-BF4B-00C04F79EFBC}") = "ContosoUniversity.Infrastructure", "ContosoUniversity.Infrastructure\ContosoUniversity.Infrastructure.csproj", "{3B0EC087-6530-49FF-A9EE-DD3B8646BFFF}"
EndProject
Global
	GlobalSection(SolutionConfigurationPlatforms) = preSolution
		Debug|Any CPU = Debug|Any CPU
		Release|Any CPU = Release|Any CPU
	EndGlobalSection
	GlobalSection(ProjectConfigurationPlatforms) = postSolution
		{8A51AA66-9E98-48DE-9BC2-21F63AD162BA}.Debug|Any CPU.ActiveCfg = Debug|Any CPU
		{8A51AA66-9E98-48DE-9BC2-21F63AD162BA}.Debug|Any CPU.Build.0 = Debug|Any CPU
		{8A51AA66-9E98-48DE-9BC2-21F63AD162BA}.Release|Any CPU.ActiveCfg = Release|Any CPU
		{8A51AA66-9E98-48DE-9BC2-21F63AD162BA}.Release|Any CPU.Build.0 = Release|Any CPU
		{77F058E3-7B51-435C-B3B8-3D232138880C}.Debug|Any CPU.ActiveCfg = Debug|Any CPU
		{77F058E3-7B51-435C-B3B8-3D232138880C}.Debug|Any CPU.Build.0 = Debug|Any CPU
		{77F058E3-7B51-435C-B3B8-3D232138880C}.Release|Any CPU.ActiveCfg = Release|Any CPU
		{77F058E3-7B51-435C-B3B8-3D232138880C}.Release|Any CPU.Build.0 = Release|Any CPU
		{2785B92B-912B-4097-AA27-9755BA25523E}.Debug|Any CPU.ActiveCfg = Debug|Any CPU
		{2785B92B-912B-4097-AA27-9755BA25523E}.Debug|Any CPU.Build.0 = Debug|Any CPU
		{2785B92B-912B-4097-AA27-9755BA25523E}.Release|Any CPU.ActiveCfg = Release|Any CPU
		{2785B92B-912B-4097-AA27-9755BA25523E}.Release|Any CPU.Build.0 = Release|Any CPU
		{1AC0BD96-C083-4EEC-8CE1-5BA36163C075}.Debug|Any CPU.ActiveCfg = Debug|Any CPU
		{1AC0BD96-C083-4EEC-8CE1-5BA36163C075}.Debug|Any CPU.Build.0 = Debug|Any CPU
		{1AC0BD96-C083-4EEC-8CE1-5BA36163C075}.Release|Any CPU.ActiveCfg = Release|Any CPU
		{1AC0BD96-C083-4EEC-8CE1-5BA36163C075}.Release|Any CPU.Build.0 = Release|Any CPU
		{3B0EC087-6530-49FF-A9EE-DD3B8646BFFF}.Debug|Any CPU.ActiveCfg = Debug|Any CPU
		{3B0EC087-6530-49FF-A9EE-DD3B8646BFFF}.Debug|Any CPU.Build.0 = Debug|Any CPU
		{3B0EC087-6530-49FF-A9EE-DD3B8646BFFF}.Release|Any CPU.ActiveCfg = Release|Any CPU
		{3B0EC087-6530-49FF-A9EE-DD3B8646BFFF}.Release|Any CPU.Build.0 = Release|Any CPU
	EndGlobalSection
	GlobalSection(SolutionProperties) = preSolution
		HideSolutionNode = FALSE
	EndGlobalSection
	GlobalSection(NestedProjects) = preSolution
		{8A51AA66-9E98-48DE-9BC2-21F63AD162BA} = {BFD3A38E-0E9C-46B4-9BEE-505E73961750}
		{77F058E3-7B51-435C-B3B8-3D232138880C} = {04A8CD68-3A53-44B5-9064-0185299FDA4D}
		{2785B92B-912B-4097-AA27-9755BA25523E} = {BFD3A38E-0E9C-46B4-9BEE-505E73961750}
		{1AC0BD96-C083-4EEC-8CE1-5BA36163C075} = {BFD3A38E-0E9C-46B4-9BEE-505E73961750}
		{3B0EC087-6530-49FF-A9EE-DD3B8646BFFF} = {BFD3A38E-0E9C-46B4-9BEE-505E73961750}
	EndGlobalSection
	GlobalSection(ExtensibilityGlobals) = postSolution
		SolutionGuid = {6E6775F8-5383-44D3-93BF-E35BEA666E77}
	EndGlobalSection
EndGlobal
